{
	"name": "frontend",
	"lockfileVersion": 3,
	"requires": true,
	"packages": {
		"": {
			"dependencies": {
				"@maxgraph/core": "^0.11.0"
			}
		},
		"node_modules/@maxgraph/core": {
			"version": "0.11.0",
			"resolved": "https://registry.npmjs.org/@maxgraph/core/-/core-0.11.0.tgz",
			"integrity": "sha512-cxcSPa+rYzTT0+3Ti+9AAnr9SDCKMsbA3iNH7Xx0Ydf7A1vNJo1UbzUMPHnlICfXAJkfwhPtAk4Ga2cl90UNaw==",
			"license": "Apache-2.0"
		}
	}
}
