lockfileVersion: '9.0'

settings:
  autoInstallPeers: true
  excludeLinksFromLockfile: false

importers:

  .:
    dependencies:
      '@maxgraph/core':
        specifier: ^0.11.0
        version: 0.11.0

packages:

  '@maxgraph/core@0.11.0':
    resolution: {integrity: sha512-cxcSPa+rYzTT0+3Ti+9AAnr9SDCKMsbA3iNH7Xx0Ydf7A1vNJo1UbzUMPHnlICfXAJkfwhPtAk4Ga2cl90UNaw==}

snapshots:

  '@maxgraph/core@0.11.0': {}
